
Microsoft Visual Studio Solution File, Format Version 12.00
# Visual Studio Version 17
VisualStudioVersion = 17.6.33723.286
MinimumVisualStudioVersion = 10.0.40219.1
Project("{8BC9CEB8-8B4A-11D0-8D11-00A0C91BC942}") = "Tetris", "Tetris.vcxproj", "{ECA2AF82-DDA3-4B2D-8010-2AE0EE6AFE33}"
EndProject
Global
	GlobalSection(SolutionConfigurationPlatforms) = preSolution
		Debug|x64 = Debug|x64
		Debug|x86 = Debug|x86
		Release|x64 = Release|x64
		Release|x86 = Release|x86
	EndGlobalSection
	GlobalSection(ProjectConfigurationPlatforms) = postSolution
		{ECA2AF82-DDA3-4B2D-8010-2AE0EE6AFE33}.Debug|x64.ActiveCfg = Debug|x64
		{ECA2AF82-DDA3-4B2D-8010-2AE0EE6AFE33}.Debug|x64.Build.0 = Debug|x64
		{ECA2AF82-DDA3-4B2D-8010-2AE0EE6AFE33}.Debug|x86.ActiveCfg = Debug|Win32
		{ECA2AF82-DDA3-4B2D-8010-2AE0EE6AFE33}.Debug|x86.Build.0 = Debug|Win32
		{ECA2AF82-DDA3-4B2D-8010-2AE0EE6AFE33}.Release|x64.ActiveCfg = Release|x64
		{ECA2AF82-DDA3-4B2D-8010-2AE0EE6AFE33}.Release|x64.Build.0 = Release|x64
		{ECA2AF82-DDA3-4B2D-8010-2AE0EE6AFE33}.Release|x86.ActiveCfg = Release|Win32
		{ECA2AF82-DDA3-4B2D-8010-2AE0EE6AFE33}.Release|x86.Build.0 = Release|Win32
	EndGlobalSection
	GlobalSection(SolutionProperties) = preSolution
		HideSolutionNode = FALSE
	EndGlobalSection
	GlobalSection(ExtensibilityGlobals) = postSolution
		SolutionGuid = {384899DF-02B7-474D-BC79-58D2AAA1337B}
	EndGlobalSection
EndGlobal
